
Microsoft Visual Studio Solution File, Format Version 12.00
# Visual Studio Version 17
VisualStudioVersion = 17.12.35527.113 d17.12
MinimumVisualStudioVersion = 10.0.40219.1
Project("{FAE04EC0-301F-11D3-BF4B-00C04F79EFBC}") = "ProductService", "ProductService\ProductService.csproj", "{2ACA477B-338A-4E23-AA08-F9B725989465}"
EndProject
Project("{FAE04EC0-301F-11D3-BF4B-00C04F79EFBC}") = "OrderServiceSolution", "OrderServiceSolution\OrderServiceSolution.csproj", "{9AF89C60-99D4-4BD7-82DF-960541622FF9}"
EndProject
Global
	GlobalSection(SolutionConfigurationPlatforms) = preSolution
		Debug|Any CPU = Debug|Any CPU
		Release|Any CPU = Release|Any CPU
	EndGlobalSection
	GlobalSection(ProjectConfigurationPlatforms) = postSolution
		{2ACA477B-338A-4E23-AA08-F9B725989465}.Debug|Any CPU.ActiveCfg = Debug|Any CPU
		{2ACA477B-338A-4E23-AA08-F9B725989465}.Debug|Any CPU.Build.0 = Debug|Any CPU
		{2ACA477B-338A-4E23-AA08-F9B725989465}.Release|Any CPU.ActiveCfg = Release|Any CPU
		{2ACA477B-338A-4E23-AA08-F9B725989465}.Release|Any CPU.Build.0 = Release|Any CPU
		{9AF89C60-99D4-4BD7-82DF-960541622FF9}.Debug|Any CPU.ActiveCfg = Debug|Any CPU
		{9AF89C60-99D4-4BD7-82DF-960541622FF9}.Debug|Any CPU.Build.0 = Debug|Any CPU
		{9AF89C60-99D4-4BD7-82DF-960541622FF9}.Release|Any CPU.ActiveCfg = Release|Any CPU
		{9AF89C60-99D4-4BD7-82DF-960541622FF9}.Release|Any CPU.Build.0 = Release|Any CPU
	EndGlobalSection
	GlobalSection(SolutionProperties) = preSolution
		HideSolutionNode = FALSE
	EndGlobalSection
EndGlobal
